
Microsoft Visual Studio Solution File, Format Version 12.00
Project("{FAE04EC0-301F-11D3-BF4B-00C04F79EFBC}") = "Day01_OOP_Review", "Day01_OOP_Review\Day01_OOP_Review.csproj", "{61FAFFB6-AC61-4C20-A481-460BA902D9B9}"
EndProject
Project("{FAE04EC0-301F-11D3-BF4B-00C04F79EFBC}") = "Day01_OOP_Review_Test", "Day01_OOP_Review_Test\Day01_OOP_Review_Test.csproj", "{9C507644-8C9D-4300-996D-F74F9E51A631}"
EndProject
Project("{FAE04EC0-301F-11D3-BF4B-00C04F79EFBC}") = "Day02_Functions", "Day02_Functions\Day02_Functions.csproj", "{A26960E1-D96B-4175-9CAA-BB5B22FEFDDE}"
EndProject
Global
	GlobalSection(SolutionConfigurationPlatforms) = preSolution
		Debug|Any CPU = Debug|Any CPU
		Release|Any CPU = Release|Any CPU
	EndGlobalSection
	GlobalSection(ProjectConfigurationPlatforms) = postSolution
		{61FAFFB6-AC61-4C20-A481-460BA902D9B9}.Debug|Any CPU.ActiveCfg = Debug|Any CPU
		{61FAFFB6-AC61-4C20-A481-460BA902D9B9}.Debug|Any CPU.Build.0 = Debug|Any CPU
		{61FAFFB6-AC61-4C20-A481-460BA902D9B9}.Release|Any CPU.ActiveCfg = Release|Any CPU
		{61FAFFB6-AC61-4C20-A481-460BA902D9B9}.Release|Any CPU.Build.0 = Release|Any CPU
		{9C507644-8C9D-4300-996D-F74F9E51A631}.Debug|Any CPU.ActiveCfg = Debug|Any CPU
		{9C507644-8C9D-4300-996D-F74F9E51A631}.Debug|Any CPU.Build.0 = Debug|Any CPU
		{9C507644-8C9D-4300-996D-F74F9E51A631}.Release|Any CPU.ActiveCfg = Release|Any CPU
		{9C507644-8C9D-4300-996D-F74F9E51A631}.Release|Any CPU.Build.0 = Release|Any CPU
		{A26960E1-D96B-4175-9CAA-BB5B22FEFDDE}.Debug|Any CPU.ActiveCfg = Debug|Any CPU
		{A26960E1-D96B-4175-9CAA-BB5B22FEFDDE}.Debug|Any CPU.Build.0 = Debug|Any CPU
		{A26960E1-D96B-4175-9CAA-BB5B22FEFDDE}.Release|Any CPU.ActiveCfg = Release|Any CPU
		{A26960E1-D96B-4175-9CAA-BB5B22FEFDDE}.Release|Any CPU.Build.0 = Release|Any CPU
	EndGlobalSection
EndGlobal
