
Microsoft Visual Studio Solution File, Format Version 12.00
Project("{FAE04EC0-301F-11D3-BF4B-00C04F79EFBC}") = "Day01_OOP_Review", "Day01_OOP_Review\Day01_OOP_Review.csproj", "{61FAFFB6-AC61-4C20-A481-460BA902D9B9}"
EndProject
Project("{FAE04EC0-301F-11D3-BF4B-00C04F79EFBC}") = "Day01_OPP_Review_Test", "Day01_OPP_Review_Test\Day01_OPP_Review_Test.csproj", "{041D781E-9FD2-495C-8029-391435F389AF}"
EndProject
Project("{FAE04EC0-301F-11D3-BF4B-00C04F79EFBC}") = "Day02_Fuctions", "Day02_Fuctions\Day02_Fuctions.csproj", "{AC097825-8DB3-432D-ACCA-6E6082288D70}"
EndProject
Global
	GlobalSection(SolutionConfigurationPlatforms) = preSolution
		Debug|Any CPU = Debug|Any CPU
		Release|Any CPU = Release|Any CPU
	EndGlobalSection
	GlobalSection(ProjectConfigurationPlatforms) = postSolution
		{61FAFFB6-AC61-4C20-A481-460BA902D9B9}.Debug|Any CPU.ActiveCfg = Debug|Any CPU
		{61FAFFB6-AC61-4C20-A481-460BA902D9B9}.Debug|Any CPU.Build.0 = Debug|Any CPU
		{61FAFFB6-AC61-4C20-A481-460BA902D9B9}.Release|Any CPU.ActiveCfg = Release|Any CPU
		{61FAFFB6-AC61-4C20-A481-460BA902D9B9}.Release|Any CPU.Build.0 = Release|Any CPU
		{041D781E-9FD2-495C-8029-391435F389AF}.Debug|Any CPU.ActiveCfg = Debug|Any CPU
		{041D781E-9FD2-495C-8029-391435F389AF}.Debug|Any CPU.Build.0 = Debug|Any CPU
		{041D781E-9FD2-495C-8029-391435F389AF}.Release|Any CPU.ActiveCfg = Release|Any CPU
		{041D781E-9FD2-495C-8029-391435F389AF}.Release|Any CPU.Build.0 = Release|Any CPU
		{AC097825-8DB3-432D-ACCA-6E6082288D70}.Debug|Any CPU.ActiveCfg = Debug|Any CPU
		{AC097825-8DB3-432D-ACCA-6E6082288D70}.Debug|Any CPU.Build.0 = Debug|Any CPU
		{AC097825-8DB3-432D-ACCA-6E6082288D70}.Release|Any CPU.ActiveCfg = Release|Any CPU
		{AC097825-8DB3-432D-ACCA-6E6082288D70}.Release|Any CPU.Build.0 = Release|Any CPU
	EndGlobalSection
EndGlobal
